
Microsoft Visual Studio Solution File, Format Version 12.00
# Visual Studio Version 17
VisualStudioVersion = 17.2.32630.192
MinimumVisualStudioVersion = 10.0.40219.1
Project("{9A19103F-16F7-4668-BE54-9A1E7A4F7556}") = "FinanMan.Server", "FinanMan.Wasm\Server\FinanMan.Server.csproj", "{CC3C1329-81F1-4FE5-8C41-EF83598C0BA0}"
EndProject
Project("{9A19103F-16F7-4668-BE54-9A1E7A4F7556}") = "FinanMan.Client", "FinanMan.Wasm\Client\FinanMan.Client.csproj", "{AB3009D5-917C-4686-BE76-BADA386C3EFA}"
EndProject
Project("{9A19103F-16F7-4668-BE54-9A1E7A4F7556}") = "FinanMan.Shared", "FinanMan.Shared\FinanMan.Shared.csproj", "{36445390-0348-44AD-9715-B1B65ADC5467}"
EndProject
Project("{2150E333-8FDC-42A3-9474-1A3956D46DE8}") = "Shared Libraries", "Shared Libraries", "{2516A676-3CC0-4AD8-AFDD-520F078E1DF1}"
EndProject
Project("{2150E333-8FDC-42A3-9474-1A3956D46DE8}") = "Blazor UI", "Blazor UI", "{9A11796C-A829-41E4-9EE5-1AF80D1E0DFA}"
EndProject
Project("{2150E333-8FDC-42A3-9474-1A3956D46DE8}") = "Blazor Server Only", "Blazor Server Only", "{48DB1107-B891-4AA5-9E21-4A9334A9F138}"
EndProject
Project("{2150E333-8FDC-42A3-9474-1A3956D46DE8}") = "Blazor Web Assembly", "Blazor Web Assembly", "{3803EF81-A3A0-45F1-8AED-0C18827095DF}"
EndProject
Project("{9A19103F-16F7-4668-BE54-9A1E7A4F7556}") = "FinanMan.ServerOnly", "FinanMan.ServerOnly\FinanMan.ServerOnly.csproj", "{8B6B6408-DC13-4EC2-A648-3969229D9BB6}"
EndProject
Project("{2150E333-8FDC-42A3-9474-1A3956D46DE8}") = "Database", "Database", "{A8A1062F-A60C-497C-AF12-B63116026552}"
EndProject
Project("{9A19103F-16F7-4668-BE54-9A1E7A4F7556}") = "FinanMan.Database", "FinanMan.Database\FinanMan.Database.csproj", "{3EFFA14A-3A15-489E-AC4A-4A542BAD6F6E}"
EndProject
Project("{9A19103F-16F7-4668-BE54-9A1E7A4F7556}") = "FinanMan.Database.Models", "FinanMan.Database.Models\FinanMan.Database.Models.csproj", "{D4EA5C3D-1C33-4B58-AEB6-F9636C69F995}"
EndProject
Project("{9A19103F-16F7-4668-BE54-9A1E7A4F7556}") = "FinanMan.Database.Migrations", "FinanMan.Database.Migrations\FinanMan.Database.Migrations.csproj", "{666F4DB2-0D20-43DB-A254-471DEBD067B1}"
EndProject
Project("{9A19103F-16F7-4668-BE54-9A1E7A4F7556}") = "FinanMan.BlazorUi", "FinanMan.BlazorUi\FinanMan.BlazorUi.csproj", "{AE62EB62-91C2-410B-90F0-8861A033F32B}"
EndProject
Project("{2150E333-8FDC-42A3-9474-1A3956D46DE8}") = "Tests", "Tests", "{17D01C8A-BCE5-4935-A694-9A57CBFEC702}"
EndProject
Project("{9A19103F-16F7-4668-BE54-9A1E7A4F7556}") = "FinanMan.SharedServer", "FinanMan.SharedServer\FinanMan.SharedServer.csproj", "{1CF3B596-E54E-4EA1-9B8C-7294F9C6A096}"
EndProject
Project("{9A19103F-16F7-4668-BE54-9A1E7A4F7556}") = "FinanMan.Tests", "FinanMan.Tests\FinanMan.Tests.csproj", "{EE9C5039-B833-43AA-B33E-D194F4D17569}"
EndProject
Project("{2150E333-8FDC-42A3-9474-1A3956D46DE8}") = "Docs", "Docs", "{096AB470-2560-48F5-AFFB-9BCF4B080F28}"
	ProjectSection(SolutionItems) = preProject
		..\..\README.md = ..\..\README.md
	EndProjectSection
EndProject
Project("{9A19103F-16F7-4668-BE54-9A1E7A4F7556}") = "FinanMan.BlazorUi.SharedComponents", "FInanMan.BlazorUi.SharedComponents\FinanMan.BlazorUi.SharedComponents.csproj", "{23514906-4572-43F9-8E90-3B4256C289EC}"
EndProject
Project("{9A19103F-16F7-4668-BE54-9A1E7A4F7556}") = "FinanMan.SharedLocalization", "FinanMan.SharedLocalization\FinanMan.SharedLocalization.csproj", "{51C2D8C5-987B-49EB-AA37-D398EDBF1241}"
EndProject
Project("{2150E333-8FDC-42A3-9474-1A3956D46DE8}") = "Apps", "Apps", "{DDA12A56-D2D9-402F-A472-BBE141119242}"
EndProject
Project("{9A19103F-16F7-4668-BE54-9A1E7A4F7556}") = "FinanMan.SharedClient", "FinanMan.SharedClient\FinanMan.SharedClient.csproj", "{80AC96C1-732B-4976-9DBD-BB12B72F3C08}"
EndProject
Project("{2150E333-8FDC-42A3-9474-1A3956D46DE8}") = "Maui", "Maui", "{D7DEC3A3-AD7E-45B8-BF41-ACE605E4B0AC}"
EndProject
Project("{2150E333-8FDC-42A3-9474-1A3956D46DE8}") = "Api", "Api", "{B356E913-F0B4-4C51-9296-B6612CA9C142}"
EndProject
Project("{9A19103F-16F7-4668-BE54-9A1E7A4F7556}") = "FinanMan.Maui", "FinanMan.Maui\FinanMan.Maui.csproj", "{2FDACCC7-07AC-42AC-85FE-DA7F62F20636}"
EndProject
Project("{2150E333-8FDC-42A3-9474-1A3956D46DE8}") = "Wpf", "Wpf", "{5C4BB7DC-C10D-49F4-8F6C-7A00CE0E6251}"
EndProject
Project("{9A19103F-16F7-4668-BE54-9A1E7A4F7556}") = "FinanMan.Wpf", "FinanMan.Wpf\FinanMan.Wpf.csproj", "{EE799B0B-2099-4B4F-862E-D3AF2DFDACD7}"
EndProject
Project("{2150E333-8FDC-42A3-9474-1A3956D46DE8}") = "Support Libraries", "Support Libraries", "{C92D892A-D436-43FF-9E73-902F094D8C00}"
EndProject
Project("{9A19103F-16F7-4668-BE54-9A1E7A4F7556}") = "TaxEstimator", "TaxEstimator\TaxEstimator.csproj", "{658C8B10-AF42-4430-A45D-A74FA55183BF}"
EndProject
Project("{2150E333-8FDC-42A3-9474-1A3956D46DE8}") = "Uwp", "Uwp", "{D07D2C12-5F34-4A78-8419-7885D656A6B7}"
EndProject
Project("{FAE04EC0-301F-11D3-BF4B-00C04F79EFBC}") = "FinanMan.Uwp", "FinanMan.Uwp\FinanMan.Uwp.csproj", "{CFC5650D-F582-4B39-9E09-AE4A8C955E81}"
EndProject
Project("{2150E333-8FDC-42A3-9474-1A3956D46DE8}") = "Source Gens", "Source Gens", "{B40DC5F1-1200-423C-A91E-05D01820890D}"
EndProject
Project("{9A19103F-16F7-4668-BE54-9A1E7A4F7556}") = "ThindalSourceGenFunStuff", "ThindalSourceGenFunStuff\ThindalSourceGenFunStuff.csproj", "{5BCAF71B-BFC6-4736-B5A0-EA1A7B6404E2}"
EndProject
Project("{2150E333-8FDC-42A3-9474-1A3956D46DE8}") = "Solution Items", "Solution Items", "{35649808-BB6D-4176-9B95-BA66F5D6A0FC}"
	ProjectSection(SolutionItems) = preProject
		..\..\.gitattributes = ..\..\.gitattributes
		..\..\.gitignore = ..\..\.gitignore
		..\..\.github\workflows\azure-static-web-apps-orange-desert-0b59e6410.yml = ..\..\.github\workflows\azure-static-web-apps-orange-desert-0b59e6410.yml
		..\..\.github\workflows\CI_build.yml = ..\..\.github\workflows\CI_build.yml
		Licenses.txt = Licenses.txt
		Directory.Build.props = Directory.Build.props
		..\global.json = ..\global.json
		MyCIBuild.yml = MyCIBuild.yml
	EndProjectSection
EndProject
Global
	GlobalSection(SolutionConfigurationPlatforms) = preSolution
		Debug|Any CPU = Debug|Any CPU
		Debug|ARM = Debug|ARM
		Debug|ARM64 = Debug|ARM64
		Debug|x64 = Debug|x64
		Debug|x86 = Debug|x86
		Release|Any CPU = Release|Any CPU
		Release|ARM = Release|ARM
		Release|ARM64 = Release|ARM64
		Release|x64 = Release|x64
		Release|x86 = Release|x86
	EndGlobalSection
	GlobalSection(ProjectConfigurationPlatforms) = postSolution
		{CC3C1329-81F1-4FE5-8C41-EF83598C0BA0}.Debug|Any CPU.ActiveCfg = Debug|Any CPU
		{CC3C1329-81F1-4FE5-8C41-EF83598C0BA0}.Debug|Any CPU.Build.0 = Debug|Any CPU
		{CC3C1329-81F1-4FE5-8C41-EF83598C0BA0}.Debug|ARM.ActiveCfg = Debug|Any CPU
		{CC3C1329-81F1-4FE5-8C41-EF83598C0BA0}.Debug|ARM.Build.0 = Debug|Any CPU
		{CC3C1329-81F1-4FE5-8C41-EF83598C0BA0}.Debug|ARM64.ActiveCfg = Debug|Any CPU
		{CC3C1329-81F1-4FE5-8C41-EF83598C0BA0}.Debug|ARM64.Build.0 = Debug|Any CPU
		{CC3C1329-81F1-4FE5-8C41-EF83598C0BA0}.Debug|x64.ActiveCfg = Debug|Any CPU
		{CC3C1329-81F1-4FE5-8C41-EF83598C0BA0}.Debug|x64.Build.0 = Debug|Any CPU
		{CC3C1329-81F1-4FE5-8C41-EF83598C0BA0}.Debug|x86.ActiveCfg = Debug|Any CPU
		{CC3C1329-81F1-4FE5-8C41-EF83598C0BA0}.Debug|x86.Build.0 = Debug|Any CPU
		{CC3C1329-81F1-4FE5-8C41-EF83598C0BA0}.Release|Any CPU.ActiveCfg = Release|Any CPU
		{CC3C1329-81F1-4FE5-8C41-EF83598C0BA0}.Release|Any CPU.Build.0 = Release|Any CPU
		{CC3C1329-81F1-4FE5-8C41-EF83598C0BA0}.Release|ARM.ActiveCfg = Release|Any CPU
		{CC3C1329-81F1-4FE5-8C41-EF83598C0BA0}.Release|ARM.Build.0 = Release|Any CPU
		{CC3C1329-81F1-4FE5-8C41-EF83598C0BA0}.Release|ARM64.ActiveCfg = Release|Any CPU
		{CC3C1329-81F1-4FE5-8C41-EF83598C0BA0}.Release|ARM64.Build.0 = Release|Any CPU
		{CC3C1329-81F1-4FE5-8C41-EF83598C0BA0}.Release|x64.ActiveCfg = Release|Any CPU
		{CC3C1329-81F1-4FE5-8C41-EF83598C0BA0}.Release|x64.Build.0 = Release|Any CPU
		{CC3C1329-81F1-4FE5-8C41-EF83598C0BA0}.Release|x86.ActiveCfg = Release|Any CPU
		{CC3C1329-81F1-4FE5-8C41-EF83598C0BA0}.Release|x86.Build.0 = Release|Any CPU
		{AB3009D5-917C-4686-BE76-BADA386C3EFA}.Debug|Any CPU.ActiveCfg = Debug|Any CPU
		{AB3009D5-917C-4686-BE76-BADA386C3EFA}.Debug|Any CPU.Build.0 = Debug|Any CPU
		{AB3009D5-917C-4686-BE76-BADA386C3EFA}.Debug|ARM.ActiveCfg = Debug|Any CPU
		{AB3009D5-917C-4686-BE76-BADA386C3EFA}.Debug|ARM.Build.0 = Debug|Any CPU
		{AB3009D5-917C-4686-BE76-BADA386C3EFA}.Debug|ARM64.ActiveCfg = Debug|Any CPU
		{AB3009D5-917C-4686-BE76-BADA386C3EFA}.Debug|ARM64.Build.0 = Debug|Any CPU
		{AB3009D5-917C-4686-BE76-BADA386C3EFA}.Debug|x64.ActiveCfg = Debug|Any CPU
		{AB3009D5-917C-4686-BE76-BADA386C3EFA}.Debug|x64.Build.0 = Debug|Any CPU
		{AB3009D5-917C-4686-BE76-BADA386C3EFA}.Debug|x86.ActiveCfg = Debug|Any CPU
		{AB3009D5-917C-4686-BE76-BADA386C3EFA}.Debug|x86.Build.0 = Debug|Any CPU
		{AB3009D5-917C-4686-BE76-BADA386C3EFA}.Release|Any CPU.ActiveCfg = Release|Any CPU
		{AB3009D5-917C-4686-BE76-BADA386C3EFA}.Release|Any CPU.Build.0 = Release|Any CPU
		{AB3009D5-917C-4686-BE76-BADA386C3EFA}.Release|ARM.ActiveCfg = Release|Any CPU
		{AB3009D5-917C-4686-BE76-BADA386C3EFA}.Release|ARM.Build.0 = Release|Any CPU
		{AB3009D5-917C-4686-BE76-BADA386C3EFA}.Release|ARM64.ActiveCfg = Release|Any CPU
		{AB3009D5-917C-4686-BE76-BADA386C3EFA}.Release|ARM64.Build.0 = Release|Any CPU
		{AB3009D5-917C-4686-BE76-BADA386C3EFA}.Release|x64.ActiveCfg = Release|Any CPU
		{AB3009D5-917C-4686-BE76-BADA386C3EFA}.Release|x64.Build.0 = Release|Any CPU
		{AB3009D5-917C-4686-BE76-BADA386C3EFA}.Release|x86.ActiveCfg = Release|Any CPU
		{AB3009D5-917C-4686-BE76-BADA386C3EFA}.Release|x86.Build.0 = Release|Any CPU
		{36445390-0348-44AD-9715-B1B65ADC5467}.Debug|Any CPU.ActiveCfg = Debug|Any CPU
		{36445390-0348-44AD-9715-B1B65ADC5467}.Debug|Any CPU.Build.0 = Debug|Any CPU
		{36445390-0348-44AD-9715-B1B65ADC5467}.Debug|ARM.ActiveCfg = Debug|Any CPU
		{36445390-0348-44AD-9715-B1B65ADC5467}.Debug|ARM.Build.0 = Debug|Any CPU
		{36445390-0348-44AD-9715-B1B65ADC5467}.Debug|ARM64.ActiveCfg = Debug|Any CPU
		{36445390-0348-44AD-9715-B1B65ADC5467}.Debug|ARM64.Build.0 = Debug|Any CPU
		{36445390-0348-44AD-9715-B1B65ADC5467}.Debug|x64.ActiveCfg = Debug|Any CPU
		{36445390-0348-44AD-9715-B1B65ADC5467}.Debug|x64.Build.0 = Debug|Any CPU
		{36445390-0348-44AD-9715-B1B65ADC5467}.Debug|x86.ActiveCfg = Debug|Any CPU
		{36445390-0348-44AD-9715-B1B65ADC5467}.Debug|x86.Build.0 = Debug|Any CPU
		{36445390-0348-44AD-9715-B1B65ADC5467}.Release|Any CPU.ActiveCfg = Release|Any CPU
		{36445390-0348-44AD-9715-B1B65ADC5467}.Release|Any CPU.Build.0 = Release|Any CPU
		{36445390-0348-44AD-9715-B1B65ADC5467}.Release|ARM.ActiveCfg = Release|Any CPU
		{36445390-0348-44AD-9715-B1B65ADC5467}.Release|ARM.Build.0 = Release|Any CPU
		{36445390-0348-44AD-9715-B1B65ADC5467}.Release|ARM64.ActiveCfg = Release|Any CPU
		{36445390-0348-44AD-9715-B1B65ADC5467}.Release|ARM64.Build.0 = Release|Any CPU
		{36445390-0348-44AD-9715-B1B65ADC5467}.Release|x64.ActiveCfg = Release|Any CPU
		{36445390-0348-44AD-9715-B1B65ADC5467}.Release|x64.Build.0 = Release|Any CPU
		{36445390-0348-44AD-9715-B1B65ADC5467}.Release|x86.ActiveCfg = Release|Any CPU
		{36445390-0348-44AD-9715-B1B65ADC5467}.Release|x86.Build.0 = Release|Any CPU
		{8B6B6408-DC13-4EC2-A648-3969229D9BB6}.Debug|Any CPU.ActiveCfg = Debug|Any CPU
		{8B6B6408-DC13-4EC2-A648-3969229D9BB6}.Debug|Any CPU.Build.0 = Debug|Any CPU
		{8B6B6408-DC13-4EC2-A648-3969229D9BB6}.Debug|ARM.ActiveCfg = Debug|Any CPU
		{8B6B6408-DC13-4EC2-A648-3969229D9BB6}.Debug|ARM.Build.0 = Debug|Any CPU
		{8B6B6408-DC13-4EC2-A648-3969229D9BB6}.Debug|ARM64.ActiveCfg = Debug|Any CPU
		{8B6B6408-DC13-4EC2-A648-3969229D9BB6}.Debug|ARM64.Build.0 = Debug|Any CPU
		{8B6B6408-DC13-4EC2-A648-3969229D9BB6}.Debug|x64.ActiveCfg = Debug|Any CPU
		{8B6B6408-DC13-4EC2-A648-3969229D9BB6}.Debug|x64.Build.0 = Debug|Any CPU
		{8B6B6408-DC13-4EC2-A648-3969229D9BB6}.Debug|x86.ActiveCfg = Debug|Any CPU
		{8B6B6408-DC13-4EC2-A648-3969229D9BB6}.Debug|x86.Build.0 = Debug|Any CPU
		{8B6B6408-DC13-4EC2-A648-3969229D9BB6}.Release|Any CPU.ActiveCfg = Release|Any CPU
		{8B6B6408-DC13-4EC2-A648-3969229D9BB6}.Release|Any CPU.Build.0 = Release|Any CPU
		{8B6B6408-DC13-4EC2-A648-3969229D9BB6}.Release|ARM.ActiveCfg = Release|Any CPU
		{8B6B6408-DC13-4EC2-A648-3969229D9BB6}.Release|ARM.Build.0 = Release|Any CPU
		{8B6B6408-DC13-4EC2-A648-3969229D9BB6}.Release|ARM64.ActiveCfg = Release|Any CPU
		{8B6B6408-DC13-4EC2-A648-3969229D9BB6}.Release|ARM64.Build.0 = Release|Any CPU
		{8B6B6408-DC13-4EC2-A648-3969229D9BB6}.Release|x64.ActiveCfg = Release|Any CPU
		{8B6B6408-DC13-4EC2-A648-3969229D9BB6}.Release|x64.Build.0 = Release|Any CPU
		{8B6B6408-DC13-4EC2-A648-3969229D9BB6}.Release|x86.ActiveCfg = Release|Any CPU
		{8B6B6408-DC13-4EC2-A648-3969229D9BB6}.Release|x86.Build.0 = Release|Any CPU
		{3EFFA14A-3A15-489E-AC4A-4A542BAD6F6E}.Debug|Any CPU.ActiveCfg = Debug|Any CPU
		{3EFFA14A-3A15-489E-AC4A-4A542BAD6F6E}.Debug|Any CPU.Build.0 = Debug|Any CPU
		{3EFFA14A-3A15-489E-AC4A-4A542BAD6F6E}.Debug|ARM.ActiveCfg = Debug|Any CPU
		{3EFFA14A-3A15-489E-AC4A-4A542BAD6F6E}.Debug|ARM.Build.0 = Debug|Any CPU
		{3EFFA14A-3A15-489E-AC4A-4A542BAD6F6E}.Debug|ARM64.ActiveCfg = Debug|Any CPU
		{3EFFA14A-3A15-489E-AC4A-4A542BAD6F6E}.Debug|ARM64.Build.0 = Debug|Any CPU
		{3EFFA14A-3A15-489E-AC4A-4A542BAD6F6E}.Debug|x64.ActiveCfg = Debug|Any CPU
		{3EFFA14A-3A15-489E-AC4A-4A542BAD6F6E}.Debug|x64.Build.0 = Debug|Any CPU
		{3EFFA14A-3A15-489E-AC4A-4A542BAD6F6E}.Debug|x86.ActiveCfg = Debug|Any CPU
		{3EFFA14A-3A15-489E-AC4A-4A542BAD6F6E}.Debug|x86.Build.0 = Debug|Any CPU
		{3EFFA14A-3A15-489E-AC4A-4A542BAD6F6E}.Release|Any CPU.ActiveCfg = Release|Any CPU
		{3EFFA14A-3A15-489E-AC4A-4A542BAD6F6E}.Release|Any CPU.Build.0 = Release|Any CPU
		{3EFFA14A-3A15-489E-AC4A-4A542BAD6F6E}.Release|ARM.ActiveCfg = Release|Any CPU
		{3EFFA14A-3A15-489E-AC4A-4A542BAD6F6E}.Release|ARM.Build.0 = Release|Any CPU
		{3EFFA14A-3A15-489E-AC4A-4A542BAD6F6E}.Release|ARM64.ActiveCfg = Release|Any CPU
		{3EFFA14A-3A15-489E-AC4A-4A542BAD6F6E}.Release|ARM64.Build.0 = Release|Any CPU
		{3EFFA14A-3A15-489E-AC4A-4A542BAD6F6E}.Release|x64.ActiveCfg = Release|Any CPU
		{3EFFA14A-3A15-489E-AC4A-4A542BAD6F6E}.Release|x64.Build.0 = Release|Any CPU
		{3EFFA14A-3A15-489E-AC4A-4A542BAD6F6E}.Release|x86.ActiveCfg = Release|Any CPU
		{3EFFA14A-3A15-489E-AC4A-4A542BAD6F6E}.Release|x86.Build.0 = Release|Any CPU
		{D4EA5C3D-1C33-4B58-AEB6-F9636C69F995}.Debug|Any CPU.ActiveCfg = Debug|Any CPU
		{D4EA5C3D-1C33-4B58-AEB6-F9636C69F995}.Debug|Any CPU.Build.0 = Debug|Any CPU
		{D4EA5C3D-1C33-4B58-AEB6-F9636C69F995}.Debug|ARM.ActiveCfg = Debug|Any CPU
		{D4EA5C3D-1C33-4B58-AEB6-F9636C69F995}.Debug|ARM.Build.0 = Debug|Any CPU
		{D4EA5C3D-1C33-4B58-AEB6-F9636C69F995}.Debug|ARM64.ActiveCfg = Debug|Any CPU
		{D4EA5C3D-1C33-4B58-AEB6-F9636C69F995}.Debug|ARM64.Build.0 = Debug|Any CPU
		{D4EA5C3D-1C33-4B58-AEB6-F9636C69F995}.Debug|x64.ActiveCfg = Debug|Any CPU
		{D4EA5C3D-1C33-4B58-AEB6-F9636C69F995}.Debug|x64.Build.0 = Debug|Any CPU
		{D4EA5C3D-1C33-4B58-AEB6-F9636C69F995}.Debug|x86.ActiveCfg = Debug|Any CPU
		{D4EA5C3D-1C33-4B58-AEB6-F9636C69F995}.Debug|x86.Build.0 = Debug|Any CPU
		{D4EA5C3D-1C33-4B58-AEB6-F9636C69F995}.Release|Any CPU.ActiveCfg = Release|Any CPU
		{D4EA5C3D-1C33-4B58-AEB6-F9636C69F995}.Release|Any CPU.Build.0 = Release|Any CPU
		{D4EA5C3D-1C33-4B58-AEB6-F9636C69F995}.Release|ARM.ActiveCfg = Release|Any CPU
		{D4EA5C3D-1C33-4B58-AEB6-F9636C69F995}.Release|ARM.Build.0 = Release|Any CPU
		{D4EA5C3D-1C33-4B58-AEB6-F9636C69F995}.Release|ARM64.ActiveCfg = Release|Any CPU
		{D4EA5C3D-1C33-4B58-AEB6-F9636C69F995}.Release|ARM64.Build.0 = Release|Any CPU
		{D4EA5C3D-1C33-4B58-AEB6-F9636C69F995}.Release|x64.ActiveCfg = Release|Any CPU
		{D4EA5C3D-1C33-4B58-AEB6-F9636C69F995}.Release|x64.Build.0 = Release|Any CPU
		{D4EA5C3D-1C33-4B58-AEB6-F9636C69F995}.Release|x86.ActiveCfg = Release|Any CPU
		{D4EA5C3D-1C33-4B58-AEB6-F9636C69F995}.Release|x86.Build.0 = Release|Any CPU
		{666F4DB2-0D20-43DB-A254-471DEBD067B1}.Debug|Any CPU.ActiveCfg = Debug|Any CPU
		{666F4DB2-0D20-43DB-A254-471DEBD067B1}.Debug|Any CPU.Build.0 = Debug|Any CPU
		{666F4DB2-0D20-43DB-A254-471DEBD067B1}.Debug|ARM.ActiveCfg = Debug|Any CPU
		{666F4DB2-0D20-43DB-A254-471DEBD067B1}.Debug|ARM.Build.0 = Debug|Any CPU
		{666F4DB2-0D20-43DB-A254-471DEBD067B1}.Debug|ARM64.ActiveCfg = Debug|Any CPU
		{666F4DB2-0D20-43DB-A254-471DEBD067B1}.Debug|ARM64.Build.0 = Debug|Any CPU
		{666F4DB2-0D20-43DB-A254-471DEBD067B1}.Debug|x64.ActiveCfg = Debug|Any CPU
		{666F4DB2-0D20-43DB-A254-471DEBD067B1}.Debug|x64.Build.0 = Debug|Any CPU
		{666F4DB2-0D20-43DB-A254-471DEBD067B1}.Debug|x86.ActiveCfg = Debug|Any CPU
		{666F4DB2-0D20-43DB-A254-471DEBD067B1}.Debug|x86.Build.0 = Debug|Any CPU
		{666F4DB2-0D20-43DB-A254-471DEBD067B1}.Release|Any CPU.ActiveCfg = Release|Any CPU
		{666F4DB2-0D20-43DB-A254-471DEBD067B1}.Release|Any CPU.Build.0 = Release|Any CPU
		{666F4DB2-0D20-43DB-A254-471DEBD067B1}.Release|ARM.ActiveCfg = Release|Any CPU
		{666F4DB2-0D20-43DB-A254-471DEBD067B1}.Release|ARM.Build.0 = Release|Any CPU
		{666F4DB2-0D20-43DB-A254-471DEBD067B1}.Release|ARM64.ActiveCfg = Release|Any CPU
		{666F4DB2-0D20-43DB-A254-471DEBD067B1}.Release|ARM64.Build.0 = Release|Any CPU
		{666F4DB2-0D20-43DB-A254-471DEBD067B1}.Release|x64.ActiveCfg = Release|Any CPU
		{666F4DB2-0D20-43DB-A254-471DEBD067B1}.Release|x64.Build.0 = Release|Any CPU
		{666F4DB2-0D20-43DB-A254-471DEBD067B1}.Release|x86.ActiveCfg = Release|Any CPU
		{666F4DB2-0D20-43DB-A254-471DEBD067B1}.Release|x86.Build.0 = Release|Any CPU
		{AE62EB62-91C2-410B-90F0-8861A033F32B}.Debug|Any CPU.ActiveCfg = Debug|Any CPU
		{AE62EB62-91C2-410B-90F0-8861A033F32B}.Debug|Any CPU.Build.0 = Debug|Any CPU
		{AE62EB62-91C2-410B-90F0-8861A033F32B}.Debug|ARM.ActiveCfg = Debug|Any CPU
		{AE62EB62-91C2-410B-90F0-8861A033F32B}.Debug|ARM.Build.0 = Debug|Any CPU
		{AE62EB62-91C2-410B-90F0-8861A033F32B}.Debug|ARM64.ActiveCfg = Debug|Any CPU
		{AE62EB62-91C2-410B-90F0-8861A033F32B}.Debug|ARM64.Build.0 = Debug|Any CPU
		{AE62EB62-91C2-410B-90F0-8861A033F32B}.Debug|x64.ActiveCfg = Debug|Any CPU
		{AE62EB62-91C2-410B-90F0-8861A033F32B}.Debug|x64.Build.0 = Debug|Any CPU
		{AE62EB62-91C2-410B-90F0-8861A033F32B}.Debug|x86.ActiveCfg = Debug|Any CPU
		{AE62EB62-91C2-410B-90F0-8861A033F32B}.Debug|x86.Build.0 = Debug|Any CPU
		{AE62EB62-91C2-410B-90F0-8861A033F32B}.Release|Any CPU.ActiveCfg = Release|Any CPU
		{AE62EB62-91C2-410B-90F0-8861A033F32B}.Release|Any CPU.Build.0 = Release|Any CPU
		{AE62EB62-91C2-410B-90F0-8861A033F32B}.Release|ARM.ActiveCfg = Release|Any CPU
		{AE62EB62-91C2-410B-90F0-8861A033F32B}.Release|ARM.Build.0 = Release|Any CPU
		{AE62EB62-91C2-410B-90F0-8861A033F32B}.Release|ARM64.ActiveCfg = Release|Any CPU
		{AE62EB62-91C2-410B-90F0-8861A033F32B}.Release|ARM64.Build.0 = Release|Any CPU
		{AE62EB62-91C2-410B-90F0-8861A033F32B}.Release|x64.ActiveCfg = Release|Any CPU
		{AE62EB62-91C2-410B-90F0-8861A033F32B}.Release|x64.Build.0 = Release|Any CPU
		{AE62EB62-91C2-410B-90F0-8861A033F32B}.Release|x86.ActiveCfg = Release|Any CPU
		{AE62EB62-91C2-410B-90F0-8861A033F32B}.Release|x86.Build.0 = Release|Any CPU
		{1CF3B596-E54E-4EA1-9B8C-7294F9C6A096}.Debug|Any CPU.ActiveCfg = Debug|Any CPU
		{1CF3B596-E54E-4EA1-9B8C-7294F9C6A096}.Debug|Any CPU.Build.0 = Debug|Any CPU
		{1CF3B596-E54E-4EA1-9B8C-7294F9C6A096}.Debug|ARM.ActiveCfg = Debug|Any CPU
		{1CF3B596-E54E-4EA1-9B8C-7294F9C6A096}.Debug|ARM.Build.0 = Debug|Any CPU
		{1CF3B596-E54E-4EA1-9B8C-7294F9C6A096}.Debug|ARM64.ActiveCfg = Debug|Any CPU
		{1CF3B596-E54E-4EA1-9B8C-7294F9C6A096}.Debug|ARM64.Build.0 = Debug|Any CPU
		{1CF3B596-E54E-4EA1-9B8C-7294F9C6A096}.Debug|x64.ActiveCfg = Debug|Any CPU
		{1CF3B596-E54E-4EA1-9B8C-7294F9C6A096}.Debug|x64.Build.0 = Debug|Any CPU
		{1CF3B596-E54E-4EA1-9B8C-7294F9C6A096}.Debug|x86.ActiveCfg = Debug|Any CPU
		{1CF3B596-E54E-4EA1-9B8C-7294F9C6A096}.Debug|x86.Build.0 = Debug|Any CPU
		{1CF3B596-E54E-4EA1-9B8C-7294F9C6A096}.Release|Any CPU.ActiveCfg = Release|Any CPU
		{1CF3B596-E54E-4EA1-9B8C-7294F9C6A096}.Release|Any CPU.Build.0 = Release|Any CPU
		{1CF3B596-E54E-4EA1-9B8C-7294F9C6A096}.Release|ARM.ActiveCfg = Release|Any CPU
		{1CF3B596-E54E-4EA1-9B8C-7294F9C6A096}.Release|ARM.Build.0 = Release|Any CPU
		{1CF3B596-E54E-4EA1-9B8C-7294F9C6A096}.Release|ARM64.ActiveCfg = Release|Any CPU
		{1CF3B596-E54E-4EA1-9B8C-7294F9C6A096}.Release|ARM64.Build.0 = Release|Any CPU
		{1CF3B596-E54E-4EA1-9B8C-7294F9C6A096}.Release|x64.ActiveCfg = Release|Any CPU
		{1CF3B596-E54E-4EA1-9B8C-7294F9C6A096}.Release|x64.Build.0 = Release|Any CPU
		{1CF3B596-E54E-4EA1-9B8C-7294F9C6A096}.Release|x86.ActiveCfg = Release|Any CPU
		{1CF3B596-E54E-4EA1-9B8C-7294F9C6A096}.Release|x86.Build.0 = Release|Any CPU
		{EE9C5039-B833-43AA-B33E-D194F4D17569}.Debug|Any CPU.ActiveCfg = Debug|Any CPU
		{EE9C5039-B833-43AA-B33E-D194F4D17569}.Debug|Any CPU.Build.0 = Debug|Any CPU
		{EE9C5039-B833-43AA-B33E-D194F4D17569}.Debug|ARM.ActiveCfg = Debug|Any CPU
		{EE9C5039-B833-43AA-B33E-D194F4D17569}.Debug|ARM.Build.0 = Debug|Any CPU
		{EE9C5039-B833-43AA-B33E-D194F4D17569}.Debug|ARM64.ActiveCfg = Debug|Any CPU
		{EE9C5039-B833-43AA-B33E-D194F4D17569}.Debug|ARM64.Build.0 = Debug|Any CPU
		{EE9C5039-B833-43AA-B33E-D194F4D17569}.Debug|x64.ActiveCfg = Debug|Any CPU
		{EE9C5039-B833-43AA-B33E-D194F4D17569}.Debug|x64.Build.0 = Debug|Any CPU
		{EE9C5039-B833-43AA-B33E-D194F4D17569}.Debug|x86.ActiveCfg = Debug|Any CPU
		{EE9C5039-B833-43AA-B33E-D194F4D17569}.Debug|x86.Build.0 = Debug|Any CPU
		{EE9C5039-B833-43AA-B33E-D194F4D17569}.Release|Any CPU.ActiveCfg = Release|Any CPU
		{EE9C5039-B833-43AA-B33E-D194F4D17569}.Release|Any CPU.Build.0 = Release|Any CPU
		{EE9C5039-B833-43AA-B33E-D194F4D17569}.Release|ARM.ActiveCfg = Release|Any CPU
		{EE9C5039-B833-43AA-B33E-D194F4D17569}.Release|ARM.Build.0 = Release|Any CPU
		{EE9C5039-B833-43AA-B33E-D194F4D17569}.Release|ARM64.ActiveCfg = Release|Any CPU
		{EE9C5039-B833-43AA-B33E-D194F4D17569}.Release|ARM64.Build.0 = Release|Any CPU
		{EE9C5039-B833-43AA-B33E-D194F4D17569}.Release|x64.ActiveCfg = Release|Any CPU
		{EE9C5039-B833-43AA-B33E-D194F4D17569}.Release|x64.Build.0 = Release|Any CPU
		{EE9C5039-B833-43AA-B33E-D194F4D17569}.Release|x86.ActiveCfg = Release|Any CPU
		{EE9C5039-B833-43AA-B33E-D194F4D17569}.Release|x86.Build.0 = Release|Any CPU
		{23514906-4572-43F9-8E90-3B4256C289EC}.Debug|Any CPU.ActiveCfg = Debug|Any CPU
		{23514906-4572-43F9-8E90-3B4256C289EC}.Debug|Any CPU.Build.0 = Debug|Any CPU
		{23514906-4572-43F9-8E90-3B4256C289EC}.Debug|ARM.ActiveCfg = Debug|Any CPU
		{23514906-4572-43F9-8E90-3B4256C289EC}.Debug|ARM.Build.0 = Debug|Any CPU
		{23514906-4572-43F9-8E90-3B4256C289EC}.Debug|ARM64.ActiveCfg = Debug|Any CPU
		{23514906-4572-43F9-8E90-3B4256C289EC}.Debug|ARM64.Build.0 = Debug|Any CPU
		{23514906-4572-43F9-8E90-3B4256C289EC}.Debug|x64.ActiveCfg = Debug|Any CPU
		{23514906-4572-43F9-8E90-3B4256C289EC}.Debug|x64.Build.0 = Debug|Any CPU
		{23514906-4572-43F9-8E90-3B4256C289EC}.Debug|x86.ActiveCfg = Debug|Any CPU
		{23514906-4572-43F9-8E90-3B4256C289EC}.Debug|x86.Build.0 = Debug|Any CPU
		{23514906-4572-43F9-8E90-3B4256C289EC}.Release|Any CPU.ActiveCfg = Release|Any CPU
		{23514906-4572-43F9-8E90-3B4256C289EC}.Release|Any CPU.Build.0 = Release|Any CPU
		{23514906-4572-43F9-8E90-3B4256C289EC}.Release|ARM.ActiveCfg = Release|Any CPU
		{23514906-4572-43F9-8E90-3B4256C289EC}.Release|ARM.Build.0 = Release|Any CPU
		{23514906-4572-43F9-8E90-3B4256C289EC}.Release|ARM64.ActiveCfg = Release|Any CPU
		{23514906-4572-43F9-8E90-3B4256C289EC}.Release|ARM64.Build.0 = Release|Any CPU
		{23514906-4572-43F9-8E90-3B4256C289EC}.Release|x64.ActiveCfg = Release|Any CPU
		{23514906-4572-43F9-8E90-3B4256C289EC}.Release|x64.Build.0 = Release|Any CPU
		{23514906-4572-43F9-8E90-3B4256C289EC}.Release|x86.ActiveCfg = Release|Any CPU
		{23514906-4572-43F9-8E90-3B4256C289EC}.Release|x86.Build.0 = Release|Any CPU
		{51C2D8C5-987B-49EB-AA37-D398EDBF1241}.Debug|Any CPU.ActiveCfg = Debug|Any CPU
		{51C2D8C5-987B-49EB-AA37-D398EDBF1241}.Debug|Any CPU.Build.0 = Debug|Any CPU
		{51C2D8C5-987B-49EB-AA37-D398EDBF1241}.Debug|ARM.ActiveCfg = Debug|Any CPU
		{51C2D8C5-987B-49EB-AA37-D398EDBF1241}.Debug|ARM.Build.0 = Debug|Any CPU
		{51C2D8C5-987B-49EB-AA37-D398EDBF1241}.Debug|ARM64.ActiveCfg = Debug|Any CPU
		{51C2D8C5-987B-49EB-AA37-D398EDBF1241}.Debug|ARM64.Build.0 = Debug|Any CPU
		{51C2D8C5-987B-49EB-AA37-D398EDBF1241}.Debug|x64.ActiveCfg = Debug|Any CPU
		{51C2D8C5-987B-49EB-AA37-D398EDBF1241}.Debug|x64.Build.0 = Debug|Any CPU
		{51C2D8C5-987B-49EB-AA37-D398EDBF1241}.Debug|x86.ActiveCfg = Debug|Any CPU
		{51C2D8C5-987B-49EB-AA37-D398EDBF1241}.Debug|x86.Build.0 = Debug|Any CPU
		{51C2D8C5-987B-49EB-AA37-D398EDBF1241}.Release|Any CPU.ActiveCfg = Release|Any CPU
		{51C2D8C5-987B-49EB-AA37-D398EDBF1241}.Release|Any CPU.Build.0 = Release|Any CPU
		{51C2D8C5-987B-49EB-AA37-D398EDBF1241}.Release|ARM.ActiveCfg = Release|Any CPU
		{51C2D8C5-987B-49EB-AA37-D398EDBF1241}.Release|ARM.Build.0 = Release|Any CPU
		{51C2D8C5-987B-49EB-AA37-D398EDBF1241}.Release|ARM64.ActiveCfg = Release|Any CPU
		{51C2D8C5-987B-49EB-AA37-D398EDBF1241}.Release|ARM64.Build.0 = Release|Any CPU
		{51C2D8C5-987B-49EB-AA37-D398EDBF1241}.Release|x64.ActiveCfg = Release|Any CPU
		{51C2D8C5-987B-49EB-AA37-D398EDBF1241}.Release|x64.Build.0 = Release|Any CPU
		{51C2D8C5-987B-49EB-AA37-D398EDBF1241}.Release|x86.ActiveCfg = Release|Any CPU
		{51C2D8C5-987B-49EB-AA37-D398EDBF1241}.Release|x86.Build.0 = Release|Any CPU
		{80AC96C1-732B-4976-9DBD-BB12B72F3C08}.Debug|Any CPU.ActiveCfg = Debug|Any CPU
		{80AC96C1-732B-4976-9DBD-BB12B72F3C08}.Debug|Any CPU.Build.0 = Debug|Any CPU
		{80AC96C1-732B-4976-9DBD-BB12B72F3C08}.Debug|ARM.ActiveCfg = Debug|Any CPU
		{80AC96C1-732B-4976-9DBD-BB12B72F3C08}.Debug|ARM.Build.0 = Debug|Any CPU
		{80AC96C1-732B-4976-9DBD-BB12B72F3C08}.Debug|ARM64.ActiveCfg = Debug|Any CPU
		{80AC96C1-732B-4976-9DBD-BB12B72F3C08}.Debug|ARM64.Build.0 = Debug|Any CPU
		{80AC96C1-732B-4976-9DBD-BB12B72F3C08}.Debug|x64.ActiveCfg = Debug|Any CPU
		{80AC96C1-732B-4976-9DBD-BB12B72F3C08}.Debug|x64.Build.0 = Debug|Any CPU
		{80AC96C1-732B-4976-9DBD-BB12B72F3C08}.Debug|x86.ActiveCfg = Debug|Any CPU
		{80AC96C1-732B-4976-9DBD-BB12B72F3C08}.Debug|x86.Build.0 = Debug|Any CPU
		{80AC96C1-732B-4976-9DBD-BB12B72F3C08}.Release|Any CPU.ActiveCfg = Release|Any CPU
		{80AC96C1-732B-4976-9DBD-BB12B72F3C08}.Release|Any CPU.Build.0 = Release|Any CPU
		{80AC96C1-732B-4976-9DBD-BB12B72F3C08}.Release|ARM.ActiveCfg = Release|Any CPU
		{80AC96C1-732B-4976-9DBD-BB12B72F3C08}.Release|ARM.Build.0 = Release|Any CPU
		{80AC96C1-732B-4976-9DBD-BB12B72F3C08}.Release|ARM64.ActiveCfg = Release|Any CPU
		{80AC96C1-732B-4976-9DBD-BB12B72F3C08}.Release|ARM64.Build.0 = Release|Any CPU
		{80AC96C1-732B-4976-9DBD-BB12B72F3C08}.Release|x64.ActiveCfg = Release|Any CPU
		{80AC96C1-732B-4976-9DBD-BB12B72F3C08}.Release|x64.Build.0 = Release|Any CPU
		{80AC96C1-732B-4976-9DBD-BB12B72F3C08}.Release|x86.ActiveCfg = Release|Any CPU
		{80AC96C1-732B-4976-9DBD-BB12B72F3C08}.Release|x86.Build.0 = Release|Any CPU
		{2FDACCC7-07AC-42AC-85FE-DA7F62F20636}.Debug|Any CPU.ActiveCfg = Debug|Any CPU
		{2FDACCC7-07AC-42AC-85FE-DA7F62F20636}.Debug|Any CPU.Deploy.0 = Debug|Any CPU
		{2FDACCC7-07AC-42AC-85FE-DA7F62F20636}.Debug|ARM.ActiveCfg = Debug|Any CPU
		{2FDACCC7-07AC-42AC-85FE-DA7F62F20636}.Debug|ARM.Build.0 = Debug|Any CPU
		{2FDACCC7-07AC-42AC-85FE-DA7F62F20636}.Debug|ARM.Deploy.0 = Debug|Any CPU
		{2FDACCC7-07AC-42AC-85FE-DA7F62F20636}.Debug|ARM64.ActiveCfg = Debug|Any CPU
		{2FDACCC7-07AC-42AC-85FE-DA7F62F20636}.Debug|ARM64.Build.0 = Debug|Any CPU
		{2FDACCC7-07AC-42AC-85FE-DA7F62F20636}.Debug|ARM64.Deploy.0 = Debug|Any CPU
		{2FDACCC7-07AC-42AC-85FE-DA7F62F20636}.Debug|x64.ActiveCfg = Debug|Any CPU
		{2FDACCC7-07AC-42AC-85FE-DA7F62F20636}.Debug|x64.Build.0 = Debug|Any CPU
		{2FDACCC7-07AC-42AC-85FE-DA7F62F20636}.Debug|x64.Deploy.0 = Debug|Any CPU
		{2FDACCC7-07AC-42AC-85FE-DA7F62F20636}.Debug|x86.ActiveCfg = Debug|Any CPU
		{2FDACCC7-07AC-42AC-85FE-DA7F62F20636}.Debug|x86.Build.0 = Debug|Any CPU
		{2FDACCC7-07AC-42AC-85FE-DA7F62F20636}.Debug|x86.Deploy.0 = Debug|Any CPU
		{2FDACCC7-07AC-42AC-85FE-DA7F62F20636}.Release|Any CPU.ActiveCfg = Release|Any CPU
		{2FDACCC7-07AC-42AC-85FE-DA7F62F20636}.Release|ARM.ActiveCfg = Release|Any CPU
		{2FDACCC7-07AC-42AC-85FE-DA7F62F20636}.Release|ARM.Build.0 = Release|Any CPU
		{2FDACCC7-07AC-42AC-85FE-DA7F62F20636}.Release|ARM.Deploy.0 = Release|Any CPU
		{2FDACCC7-07AC-42AC-85FE-DA7F62F20636}.Release|ARM64.ActiveCfg = Release|Any CPU
		{2FDACCC7-07AC-42AC-85FE-DA7F62F20636}.Release|ARM64.Build.0 = Release|Any CPU
		{2FDACCC7-07AC-42AC-85FE-DA7F62F20636}.Release|ARM64.Deploy.0 = Release|Any CPU
		{2FDACCC7-07AC-42AC-85FE-DA7F62F20636}.Release|x64.ActiveCfg = Release|Any CPU
		{2FDACCC7-07AC-42AC-85FE-DA7F62F20636}.Release|x64.Build.0 = Release|Any CPU
		{2FDACCC7-07AC-42AC-85FE-DA7F62F20636}.Release|x64.Deploy.0 = Release|Any CPU
		{2FDACCC7-07AC-42AC-85FE-DA7F62F20636}.Release|x86.ActiveCfg = Release|Any CPU
		{2FDACCC7-07AC-42AC-85FE-DA7F62F20636}.Release|x86.Build.0 = Release|Any CPU
		{2FDACCC7-07AC-42AC-85FE-DA7F62F20636}.Release|x86.Deploy.0 = Release|Any CPU
		{EE799B0B-2099-4B4F-862E-D3AF2DFDACD7}.Debug|Any CPU.ActiveCfg = Debug|Any CPU
		{EE799B0B-2099-4B4F-862E-D3AF2DFDACD7}.Debug|Any CPU.Build.0 = Debug|Any CPU
		{EE799B0B-2099-4B4F-862E-D3AF2DFDACD7}.Debug|ARM.ActiveCfg = Debug|Any CPU
		{EE799B0B-2099-4B4F-862E-D3AF2DFDACD7}.Debug|ARM.Build.0 = Debug|Any CPU
		{EE799B0B-2099-4B4F-862E-D3AF2DFDACD7}.Debug|ARM64.ActiveCfg = Debug|Any CPU
		{EE799B0B-2099-4B4F-862E-D3AF2DFDACD7}.Debug|ARM64.Build.0 = Debug|Any CPU
		{EE799B0B-2099-4B4F-862E-D3AF2DFDACD7}.Debug|x64.ActiveCfg = Debug|Any CPU
		{EE799B0B-2099-4B4F-862E-D3AF2DFDACD7}.Debug|x64.Build.0 = Debug|Any CPU
		{EE799B0B-2099-4B4F-862E-D3AF2DFDACD7}.Debug|x86.ActiveCfg = Debug|Any CPU
		{EE799B0B-2099-4B4F-862E-D3AF2DFDACD7}.Debug|x86.Build.0 = Debug|Any CPU
		{EE799B0B-2099-4B4F-862E-D3AF2DFDACD7}.Release|Any CPU.ActiveCfg = Release|Any CPU
		{EE799B0B-2099-4B4F-862E-D3AF2DFDACD7}.Release|Any CPU.Build.0 = Release|Any CPU
		{EE799B0B-2099-4B4F-862E-D3AF2DFDACD7}.Release|ARM.ActiveCfg = Release|Any CPU
		{EE799B0B-2099-4B4F-862E-D3AF2DFDACD7}.Release|ARM.Build.0 = Release|Any CPU
		{EE799B0B-2099-4B4F-862E-D3AF2DFDACD7}.Release|ARM64.ActiveCfg = Release|Any CPU
		{EE799B0B-2099-4B4F-862E-D3AF2DFDACD7}.Release|ARM64.Build.0 = Release|Any CPU
		{EE799B0B-2099-4B4F-862E-D3AF2DFDACD7}.Release|x64.ActiveCfg = Release|Any CPU
		{EE799B0B-2099-4B4F-862E-D3AF2DFDACD7}.Release|x64.Build.0 = Release|Any CPU
		{EE799B0B-2099-4B4F-862E-D3AF2DFDACD7}.Release|x86.ActiveCfg = Release|Any CPU
		{EE799B0B-2099-4B4F-862E-D3AF2DFDACD7}.Release|x86.Build.0 = Release|Any CPU
		{658C8B10-AF42-4430-A45D-A74FA55183BF}.Debug|Any CPU.ActiveCfg = Debug|Any CPU
		{658C8B10-AF42-4430-A45D-A74FA55183BF}.Debug|Any CPU.Build.0 = Debug|Any CPU
		{658C8B10-AF42-4430-A45D-A74FA55183BF}.Debug|ARM.ActiveCfg = Debug|Any CPU
		{658C8B10-AF42-4430-A45D-A74FA55183BF}.Debug|ARM.Build.0 = Debug|Any CPU
		{658C8B10-AF42-4430-A45D-A74FA55183BF}.Debug|ARM64.ActiveCfg = Debug|Any CPU
		{658C8B10-AF42-4430-A45D-A74FA55183BF}.Debug|ARM64.Build.0 = Debug|Any CPU
		{658C8B10-AF42-4430-A45D-A74FA55183BF}.Debug|x64.ActiveCfg = Debug|Any CPU
		{658C8B10-AF42-4430-A45D-A74FA55183BF}.Debug|x64.Build.0 = Debug|Any CPU
		{658C8B10-AF42-4430-A45D-A74FA55183BF}.Debug|x86.ActiveCfg = Debug|Any CPU
		{658C8B10-AF42-4430-A45D-A74FA55183BF}.Debug|x86.Build.0 = Debug|Any CPU
		{658C8B10-AF42-4430-A45D-A74FA55183BF}.Release|Any CPU.ActiveCfg = Release|Any CPU
		{658C8B10-AF42-4430-A45D-A74FA55183BF}.Release|Any CPU.Build.0 = Release|Any CPU
		{658C8B10-AF42-4430-A45D-A74FA55183BF}.Release|ARM.ActiveCfg = Release|Any CPU
		{658C8B10-AF42-4430-A45D-A74FA55183BF}.Release|ARM.Build.0 = Release|Any CPU
		{658C8B10-AF42-4430-A45D-A74FA55183BF}.Release|ARM64.ActiveCfg = Release|Any CPU
		{658C8B10-AF42-4430-A45D-A74FA55183BF}.Release|ARM64.Build.0 = Release|Any CPU
		{658C8B10-AF42-4430-A45D-A74FA55183BF}.Release|x64.ActiveCfg = Release|Any CPU
		{658C8B10-AF42-4430-A45D-A74FA55183BF}.Release|x64.Build.0 = Release|Any CPU
		{658C8B10-AF42-4430-A45D-A74FA55183BF}.Release|x86.ActiveCfg = Release|Any CPU
		{658C8B10-AF42-4430-A45D-A74FA55183BF}.Release|x86.Build.0 = Release|Any CPU
		{CFC5650D-F582-4B39-9E09-AE4A8C955E81}.Debug|Any CPU.ActiveCfg = Debug|x64
		{CFC5650D-F582-4B39-9E09-AE4A8C955E81}.Debug|Any CPU.Deploy.0 = Debug|x64
		{CFC5650D-F582-4B39-9E09-AE4A8C955E81}.Debug|ARM.ActiveCfg = Debug|ARM
		{CFC5650D-F582-4B39-9E09-AE4A8C955E81}.Debug|ARM.Build.0 = Debug|ARM
		{CFC5650D-F582-4B39-9E09-AE4A8C955E81}.Debug|ARM.Deploy.0 = Debug|ARM
		{CFC5650D-F582-4B39-9E09-AE4A8C955E81}.Debug|ARM64.ActiveCfg = Debug|ARM64
		{CFC5650D-F582-4B39-9E09-AE4A8C955E81}.Debug|ARM64.Build.0 = Debug|ARM64
		{CFC5650D-F582-4B39-9E09-AE4A8C955E81}.Debug|ARM64.Deploy.0 = Debug|ARM64
		{CFC5650D-F582-4B39-9E09-AE4A8C955E81}.Debug|x64.ActiveCfg = Debug|x64
		{CFC5650D-F582-4B39-9E09-AE4A8C955E81}.Debug|x64.Build.0 = Debug|x64
		{CFC5650D-F582-4B39-9E09-AE4A8C955E81}.Debug|x64.Deploy.0 = Debug|x64
		{CFC5650D-F582-4B39-9E09-AE4A8C955E81}.Debug|x86.ActiveCfg = Debug|x86
		{CFC5650D-F582-4B39-9E09-AE4A8C955E81}.Debug|x86.Build.0 = Debug|x86
		{CFC5650D-F582-4B39-9E09-AE4A8C955E81}.Debug|x86.Deploy.0 = Debug|x86
		{CFC5650D-F582-4B39-9E09-AE4A8C955E81}.Release|Any CPU.ActiveCfg = Release|x64
		{CFC5650D-F582-4B39-9E09-AE4A8C955E81}.Release|ARM.ActiveCfg = Release|ARM
		{CFC5650D-F582-4B39-9E09-AE4A8C955E81}.Release|ARM.Build.0 = Release|ARM
		{CFC5650D-F582-4B39-9E09-AE4A8C955E81}.Release|ARM.Deploy.0 = Release|ARM
		{CFC5650D-F582-4B39-9E09-AE4A8C955E81}.Release|ARM64.ActiveCfg = Release|ARM64
		{CFC5650D-F582-4B39-9E09-AE4A8C955E81}.Release|ARM64.Build.0 = Release|ARM64
		{CFC5650D-F582-4B39-9E09-AE4A8C955E81}.Release|ARM64.Deploy.0 = Release|ARM64
		{CFC5650D-F582-4B39-9E09-AE4A8C955E81}.Release|x64.ActiveCfg = Release|x64
		{CFC5650D-F582-4B39-9E09-AE4A8C955E81}.Release|x64.Build.0 = Release|x64
		{CFC5650D-F582-4B39-9E09-AE4A8C955E81}.Release|x64.Deploy.0 = Release|x64
		{CFC5650D-F582-4B39-9E09-AE4A8C955E81}.Release|x86.ActiveCfg = Release|x86
		{CFC5650D-F582-4B39-9E09-AE4A8C955E81}.Release|x86.Build.0 = Release|x86
		{CFC5650D-F582-4B39-9E09-AE4A8C955E81}.Release|x86.Deploy.0 = Release|x86
		{5BCAF71B-BFC6-4736-B5A0-EA1A7B6404E2}.Debug|Any CPU.ActiveCfg = Debug|Any CPU
		{5BCAF71B-BFC6-4736-B5A0-EA1A7B6404E2}.Debug|Any CPU.Build.0 = Debug|Any CPU
		{5BCAF71B-BFC6-4736-B5A0-EA1A7B6404E2}.Debug|ARM.ActiveCfg = Debug|Any CPU
		{5BCAF71B-BFC6-4736-B5A0-EA1A7B6404E2}.Debug|ARM.Build.0 = Debug|Any CPU
		{5BCAF71B-BFC6-4736-B5A0-EA1A7B6404E2}.Debug|ARM64.ActiveCfg = Debug|Any CPU
		{5BCAF71B-BFC6-4736-B5A0-EA1A7B6404E2}.Debug|ARM64.Build.0 = Debug|Any CPU
		{5BCAF71B-BFC6-4736-B5A0-EA1A7B6404E2}.Debug|x64.ActiveCfg = Debug|Any CPU
		{5BCAF71B-BFC6-4736-B5A0-EA1A7B6404E2}.Debug|x64.Build.0 = Debug|Any CPU
		{5BCAF71B-BFC6-4736-B5A0-EA1A7B6404E2}.Debug|x86.ActiveCfg = Debug|Any CPU
		{5BCAF71B-BFC6-4736-B5A0-EA1A7B6404E2}.Debug|x86.Build.0 = Debug|Any CPU
		{5BCAF71B-BFC6-4736-B5A0-EA1A7B6404E2}.Release|Any CPU.ActiveCfg = Release|Any CPU
		{5BCAF71B-BFC6-4736-B5A0-EA1A7B6404E2}.Release|Any CPU.Build.0 = Release|Any CPU
		{5BCAF71B-BFC6-4736-B5A0-EA1A7B6404E2}.Release|ARM.ActiveCfg = Release|Any CPU
		{5BCAF71B-BFC6-4736-B5A0-EA1A7B6404E2}.Release|ARM.Build.0 = Release|Any CPU
		{5BCAF71B-BFC6-4736-B5A0-EA1A7B6404E2}.Release|ARM64.ActiveCfg = Release|Any CPU
		{5BCAF71B-BFC6-4736-B5A0-EA1A7B6404E2}.Release|ARM64.Build.0 = Release|Any CPU
		{5BCAF71B-BFC6-4736-B5A0-EA1A7B6404E2}.Release|x64.ActiveCfg = Release|Any CPU
		{5BCAF71B-BFC6-4736-B5A0-EA1A7B6404E2}.Release|x64.Build.0 = Release|Any CPU
		{5BCAF71B-BFC6-4736-B5A0-EA1A7B6404E2}.Release|x86.ActiveCfg = Release|Any CPU
		{5BCAF71B-BFC6-4736-B5A0-EA1A7B6404E2}.Release|x86.Build.0 = Release|Any CPU
	EndGlobalSection
	GlobalSection(SolutionProperties) = preSolution
		HideSolutionNode = FALSE
	EndGlobalSection
	GlobalSection(NestedProjects) = preSolution
		{CC3C1329-81F1-4FE5-8C41-EF83598C0BA0} = {B356E913-F0B4-4C51-9296-B6612CA9C142}
		{AB3009D5-917C-4686-BE76-BADA386C3EFA} = {3803EF81-A3A0-45F1-8AED-0C18827095DF}
		{36445390-0348-44AD-9715-B1B65ADC5467} = {2516A676-3CC0-4AD8-AFDD-520F078E1DF1}
		{48DB1107-B891-4AA5-9E21-4A9334A9F138} = {DDA12A56-D2D9-402F-A472-BBE141119242}
		{3803EF81-A3A0-45F1-8AED-0C18827095DF} = {DDA12A56-D2D9-402F-A472-BBE141119242}
		{8B6B6408-DC13-4EC2-A648-3969229D9BB6} = {48DB1107-B891-4AA5-9E21-4A9334A9F138}
		{3EFFA14A-3A15-489E-AC4A-4A542BAD6F6E} = {A8A1062F-A60C-497C-AF12-B63116026552}
		{D4EA5C3D-1C33-4B58-AEB6-F9636C69F995} = {A8A1062F-A60C-497C-AF12-B63116026552}
		{666F4DB2-0D20-43DB-A254-471DEBD067B1} = {A8A1062F-A60C-497C-AF12-B63116026552}
		{AE62EB62-91C2-410B-90F0-8861A033F32B} = {9A11796C-A829-41E4-9EE5-1AF80D1E0DFA}
		{1CF3B596-E54E-4EA1-9B8C-7294F9C6A096} = {2516A676-3CC0-4AD8-AFDD-520F078E1DF1}
		{EE9C5039-B833-43AA-B33E-D194F4D17569} = {17D01C8A-BCE5-4935-A694-9A57CBFEC702}
		{23514906-4572-43F9-8E90-3B4256C289EC} = {9A11796C-A829-41E4-9EE5-1AF80D1E0DFA}
		{51C2D8C5-987B-49EB-AA37-D398EDBF1241} = {2516A676-3CC0-4AD8-AFDD-520F078E1DF1}
		{80AC96C1-732B-4976-9DBD-BB12B72F3C08} = {2516A676-3CC0-4AD8-AFDD-520F078E1DF1}
		{D7DEC3A3-AD7E-45B8-BF41-ACE605E4B0AC} = {DDA12A56-D2D9-402F-A472-BBE141119242}
		{B356E913-F0B4-4C51-9296-B6612CA9C142} = {DDA12A56-D2D9-402F-A472-BBE141119242}
		{2FDACCC7-07AC-42AC-85FE-DA7F62F20636} = {D7DEC3A3-AD7E-45B8-BF41-ACE605E4B0AC}
		{5C4BB7DC-C10D-49F4-8F6C-7A00CE0E6251} = {DDA12A56-D2D9-402F-A472-BBE141119242}
		{EE799B0B-2099-4B4F-862E-D3AF2DFDACD7} = {5C4BB7DC-C10D-49F4-8F6C-7A00CE0E6251}
		{658C8B10-AF42-4430-A45D-A74FA55183BF} = {C92D892A-D436-43FF-9E73-902F094D8C00}
		{D07D2C12-5F34-4A78-8419-7885D656A6B7} = {DDA12A56-D2D9-402F-A472-BBE141119242}
		{CFC5650D-F582-4B39-9E09-AE4A8C955E81} = {D07D2C12-5F34-4A78-8419-7885D656A6B7}
		{5BCAF71B-BFC6-4736-B5A0-EA1A7B6404E2} = {B40DC5F1-1200-423C-A91E-05D01820890D}
	EndGlobalSection
	GlobalSection(ExtensibilityGlobals) = postSolution
		SolutionGuid = {9BC5E62D-A8CB-4DD4-B4A6-0F41B8EB1C16}
	EndGlobalSection
EndGlobal
